
Microsoft Visual Studio Solution File, Format Version 12.00
# Visual Studio Version 16
VisualStudioVersion = 16.0.31727.386
MinimumVisualStudioVersion = 10.0.40219.1
Project("{FAE04EC0-301F-11D3-BF4B-00C04F79EFBC}") = "RPWG", "RPWG.csproj", "{FCB98FD2-707D-4492-86F4-72C3470E3C62}"
EndProject
Global
	GlobalSection(SolutionConfigurationPlatforms) = preSolution
		Debug|Any CPU = Debug|Any CPU
		Release|Any CPU = Release|Any CPU
	EndGlobalSection
	GlobalSection(ProjectConfigurationPlatforms) = postSolution
		{FCB98FD2-707D-4492-86F4-72C3470E3C62}.Debug|Any CPU.ActiveCfg = Debug|Any CPU
		{FCB98FD2-707D-4492-86F4-72C3470E3C62}.Debug|Any CPU.Build.0 = Debug|Any CPU
		{FCB98FD2-707D-4492-86F4-72C3470E3C62}.Release|Any CPU.ActiveCfg = Release|Any CPU
		{FCB98FD2-707D-4492-86F4-72C3470E3C62}.Release|Any CPU.Build.0 = Release|Any CPU
	EndGlobalSection
	GlobalSection(SolutionProperties) = preSolution
		HideSolutionNode = FALSE
	EndGlobalSection
	GlobalSection(ExtensibilityGlobals) = postSolution
		SolutionGuid = {4D7D0FF3-33A0-444C-B1A2-06838FE2737A}
	EndGlobalSection
EndGlobal
